
Microsoft Visual Studio Solution File, Format Version 12.00
# Visual Studio Version 17
VisualStudioVersion = 17.3.32929.385
MinimumVisualStudioVersion = 10.0.40219.1
Project("{FAE04EC0-301F-11D3-BF4B-00C04F79EFBC}") = "JuanFrontToBack", "JuanFrontToBack\JuanFrontToBack.csproj", "{3081DB39-0628-4C63-95C7-27C6E8943F14}"
EndProject
Global
	GlobalSection(SolutionConfigurationPlatforms) = preSolution
		Debug|Any CPU = Debug|Any CPU
		Release|Any CPU = Release|Any CPU
	EndGlobalSection
	GlobalSection(ProjectConfigurationPlatforms) = postSolution
		{3081DB39-0628-4C63-95C7-27C6E8943F14}.Debug|Any CPU.ActiveCfg = Debug|Any CPU
		{3081DB39-0628-4C63-95C7-27C6E8943F14}.Debug|Any CPU.Build.0 = Debug|Any CPU
		{3081DB39-0628-4C63-95C7-27C6E8943F14}.Release|Any CPU.ActiveCfg = Release|Any CPU
		{3081DB39-0628-4C63-95C7-27C6E8943F14}.Release|Any CPU.Build.0 = Release|Any CPU
	EndGlobalSection
	GlobalSection(SolutionProperties) = preSolution
		HideSolutionNode = FALSE
	EndGlobalSection
	GlobalSection(ExtensibilityGlobals) = postSolution
		SolutionGuid = {50F9E883-824A-416A-80D3-89FB46D7FFCD}
	EndGlobalSection
EndGlobal
